
Microsoft Visual Studio Solution File, Format Version 12.00
# Visual Studio Version 16
VisualStudioVersion = 16.0.34114.132
MinimumVisualStudioVersion = 10.0.40219.1
Project("{FAE04EC0-301F-11D3-BF4B-00C04F79EFBC}") = "FlyITA", "FlyITA\FlyITA.csproj", "{AE26BF3D-4DED-42CD-A1B6-8CAD51CA8B96}"
EndProject
Global
	GlobalSection(SolutionConfigurationPlatforms) = preSolution
		Base-PROD|Any CPU = Base-PROD|Any CPU
		Debug|Any CPU = Debug|Any CPU
		dev|Any CPU = dev|Any CPU
		prod|Any CPU = prod|Any CPU
		Release|Any CPU = Release|Any CPU
		test|Any CPU = test|Any CPU
		Web.Base-DEV|Any CPU = Web.Base-DEV|Any CPU
		Web.Base-Test|Any CPU = Web.Base-Test|Any CPU
	EndGlobalSection
	GlobalSection(ProjectConfigurationPlatforms) = postSolution
		{AE26BF3D-4DED-42CD-A1B6-8CAD51CA8B96}.Base-PROD|Any CPU.ActiveCfg = Base-PROD|Any CPU
		{AE26BF3D-4DED-42CD-A1B6-8CAD51CA8B96}.Base-PROD|Any CPU.Build.0 = Base-PROD|Any CPU
		{AE26BF3D-4DED-42CD-A1B6-8CAD51CA8B96}.Debug|Any CPU.ActiveCfg = Debug|Any CPU
		{AE26BF3D-4DED-42CD-A1B6-8CAD51CA8B96}.Debug|Any CPU.Build.0 = Debug|Any CPU
		{AE26BF3D-4DED-42CD-A1B6-8CAD51CA8B96}.dev|Any CPU.ActiveCfg = dev|Any CPU
		{AE26BF3D-4DED-42CD-A1B6-8CAD51CA8B96}.dev|Any CPU.Build.0 = dev|Any CPU
		{AE26BF3D-4DED-42CD-A1B6-8CAD51CA8B96}.prod|Any CPU.ActiveCfg = dev|Any CPU
		{AE26BF3D-4DED-42CD-A1B6-8CAD51CA8B96}.prod|Any CPU.Build.0 = dev|Any CPU
		{AE26BF3D-4DED-42CD-A1B6-8CAD51CA8B96}.Release|Any CPU.ActiveCfg = Release|Any CPU
		{AE26BF3D-4DED-42CD-A1B6-8CAD51CA8B96}.Release|Any CPU.Build.0 = Release|Any CPU
		{AE26BF3D-4DED-42CD-A1B6-8CAD51CA8B96}.test|Any CPU.ActiveCfg = test|Any CPU
		{AE26BF3D-4DED-42CD-A1B6-8CAD51CA8B96}.test|Any CPU.Build.0 = test|Any CPU
		{AE26BF3D-4DED-42CD-A1B6-8CAD51CA8B96}.Web.Base-DEV|Any CPU.ActiveCfg = Base-Test|Any CPU
		{AE26BF3D-4DED-42CD-A1B6-8CAD51CA8B96}.Web.Base-DEV|Any CPU.Build.0 = Base-Test|Any CPU
		{AE26BF3D-4DED-42CD-A1B6-8CAD51CA8B96}.Web.Base-Test|Any CPU.ActiveCfg = Base-Test|Any CPU
		{AE26BF3D-4DED-42CD-A1B6-8CAD51CA8B96}.Web.Base-Test|Any CPU.Build.0 = Base-Test|Any CPU
	EndGlobalSection
	GlobalSection(SolutionProperties) = preSolution
		HideSolutionNode = FALSE
	EndGlobalSection
	GlobalSection(ExtensibilityGlobals) = postSolution
		SolutionGuid = {EC371B72-5CEC-43C0-9199-E1E77AFEF1B8}
	EndGlobalSection
EndGlobal
